<?xml version="1.0" encoding="utf-8"?>
<Project ToolsVersion="4.0" xmlns="http://schemas.microsoft.com/developer/msbuild/2003">
  <ItemGroup>
    <ClCompile Include="pch.cpp" />
    <ClCompile Include="DateTimeTests.cpp">
      <Filter>Tests</Filter>
    </ClCompile>
    <ClCompile Include="CommentTests.cpp">
      <Filter>Tests</Filter>
    </ClCompile>
    <ClCompile Include="SubTaskTests.cpp">
      <Filter>Tests</Filter>
    </ClCompile>
    <ClCompile Include="TaskTests.cpp">
      <Filter>Tests</Filter>
    </ClCompile>
    <ClCompile Include="ToDoListTests.cpp">
      <Filter>Tests</Filter>
    </ClCompile>
    <ClCompile Include="ToDoListManagerTests.cpp">
      <Filter>Tests</Filter>
    </ClCompile>
  </ItemGroup>
  <ItemGroup>
    <ClInclude Include="pch.h" />
  </ItemGroup>
  <ItemGroup>
    <None Include="packages.config" />
  </ItemGroup>
  <ItemGroup>
    <Filter Include="Tests">
      <UniqueIdentifier>{6805537d-0d81-4895-b8a1-052cb1dc9286}</UniqueIdentifier>
    </Filter>
  </ItemGroup>
</Project>